
Microsoft Visual Studio Solution File, Format Version 12.00
# Visual Studio Version 17
VisualStudioVersion = 17.14.36202.13
MinimumVisualStudioVersion = 10.0.40219.1
Project("{FAE04EC0-301F-11D3-BF4B-00C04F79EFBC}") = "Villa Project", "Villa Project\Villa Project.csproj", "{F69C47F7-3278-403C-95DB-D7602AB2BCE8}"
EndProject
Global
	GlobalSection(SolutionConfigurationPlatforms) = preSolution
		Debug|Any CPU = Debug|Any CPU
		Release|Any CPU = Release|Any CPU
	EndGlobalSection
	GlobalSection(ProjectConfigurationPlatforms) = postSolution
		{F69C47F7-3278-403C-95DB-D7602AB2BCE8}.Debug|Any CPU.ActiveCfg = Debug|Any CPU
		{F69C47F7-3278-403C-95DB-D7602AB2BCE8}.Debug|Any CPU.Build.0 = Debug|Any CPU
		{F69C47F7-3278-403C-95DB-D7602AB2BCE8}.Release|Any CPU.ActiveCfg = Release|Any CPU
		{F69C47F7-3278-403C-95DB-D7602AB2BCE8}.Release|Any CPU.Build.0 = Release|Any CPU
	EndGlobalSection
	GlobalSection(SolutionProperties) = preSolution
		HideSolutionNode = FALSE
	EndGlobalSection
	GlobalSection(ExtensibilityGlobals) = postSolution
		SolutionGuid = {12D8CEB1-9B6D-4928-8E0D-17D8A6DA4413}
	EndGlobalSection
EndGlobal
